
Microsoft Visual Studio Solution File, Format Version 12.00
# Visual Studio 14
VisualStudioVersion = 14.0.23107.0
MinimumVisualStudioVersion = 10.0.40219.1
Project("{D954291E-2A0B-460D-934E-DC6B0785DB48}") = "project.cpp.Shared", "project.cpp\project.cpp.Shared\project.cpp.Shared.shproj", "{487523FE-82B2-49AA-A41F-8684733FBF14}"
EndProject
Project("{FAE04EC0-301F-11D3-BF4B-00C04F79EFBC}") = "project.cpp.windx", "project.cpp.windx\project.cpp.windx.csproj", "{C2AA92EF-1C66-4100-B17B-613EA7CB7BCC}"
EndProject
Project("{FAE04EC0-301F-11D3-BF4B-00C04F79EFBC}") = "project.cpp.iOS", "project.cpp\project.cpp.iOS\project.cpp.iOS.csproj", "{955AFA33-991C-4D7B-9EE3-95DB4B710AEC}"
EndProject
Project("{FAE04EC0-301F-11D3-BF4B-00C04F79EFBC}") = "project.cpp.Core", "project.cpp.Core\project.cpp.Core\project.cpp.Core.csproj", "{67763402-F109-4305-8381-972B4BDB172D}"
EndProject
Project("{FAE04EC0-301F-11D3-BF4B-00C04F79EFBC}") = "project.cpp.Core.Droid", "project.cpp.Core\project.cpp.Core.Droid\project.cpp.Core.Droid.csproj", "{CDAA45C1-9365-4630-A303-A7AF49F88F50}"
EndProject
Global
	GlobalSection(SharedMSBuildProjectFiles) = preSolution
		project.cpp\project.cpp.Shared\EmptyProject.Shared.projitems*{487523fe-82b2-49aa-a41f-8684733fbf14}*SharedItemsImports = 13
	EndGlobalSection
	GlobalSection(SolutionConfigurationPlatforms) = preSolution
		Ad-Hoc|Any CPU = Ad-Hoc|Any CPU
		Ad-Hoc|ARM = Ad-Hoc|ARM
		Ad-Hoc|iPhone = Ad-Hoc|iPhone
		Ad-Hoc|iPhoneSimulator = Ad-Hoc|iPhoneSimulator
		Ad-Hoc|x86 = Ad-Hoc|x86
		AppStore|Any CPU = AppStore|Any CPU
		AppStore|ARM = AppStore|ARM
		AppStore|iPhone = AppStore|iPhone
		AppStore|iPhoneSimulator = AppStore|iPhoneSimulator
		AppStore|x86 = AppStore|x86
		Debug|Any CPU = Debug|Any CPU
		Debug|ARM = Debug|ARM
		Debug|iPhone = Debug|iPhone
		Debug|iPhoneSimulator = Debug|iPhoneSimulator
		Debug|x86 = Debug|x86
		Release|Any CPU = Release|Any CPU
		Release|ARM = Release|ARM
		Release|iPhone = Release|iPhone
		Release|iPhoneSimulator = Release|iPhoneSimulator
		Release|x86 = Release|x86
	EndGlobalSection
	GlobalSection(ProjectConfigurationPlatforms) = postSolution
		{C2AA92EF-1C66-4100-B17B-613EA7CB7BCC}.Ad-Hoc|Any CPU.ActiveCfg = Release|x86
		{C2AA92EF-1C66-4100-B17B-613EA7CB7BCC}.Ad-Hoc|Any CPU.Build.0 = Release|x86
		{C2AA92EF-1C66-4100-B17B-613EA7CB7BCC}.Ad-Hoc|ARM.ActiveCfg = Debug|x86
		{C2AA92EF-1C66-4100-B17B-613EA7CB7BCC}.Ad-Hoc|ARM.Build.0 = Debug|x86
		{C2AA92EF-1C66-4100-B17B-613EA7CB7BCC}.Ad-Hoc|iPhone.ActiveCfg = Release|x86
		{C2AA92EF-1C66-4100-B17B-613EA7CB7BCC}.Ad-Hoc|iPhone.Build.0 = Release|x86
		{C2AA92EF-1C66-4100-B17B-613EA7CB7BCC}.Ad-Hoc|iPhoneSimulator.ActiveCfg = Release|x86
		{C2AA92EF-1C66-4100-B17B-613EA7CB7BCC}.Ad-Hoc|iPhoneSimulator.Build.0 = Release|x86
		{C2AA92EF-1C66-4100-B17B-613EA7CB7BCC}.Ad-Hoc|x86.ActiveCfg = Release|x86
		{C2AA92EF-1C66-4100-B17B-613EA7CB7BCC}.Ad-Hoc|x86.Build.0 = Release|x86
		{C2AA92EF-1C66-4100-B17B-613EA7CB7BCC}.AppStore|Any CPU.ActiveCfg = Release|x86
		{C2AA92EF-1C66-4100-B17B-613EA7CB7BCC}.AppStore|Any CPU.Build.0 = Release|x86
		{C2AA92EF-1C66-4100-B17B-613EA7CB7BCC}.AppStore|ARM.ActiveCfg = Debug|x86
		{C2AA92EF-1C66-4100-B17B-613EA7CB7BCC}.AppStore|ARM.Build.0 = Debug|x86
		{C2AA92EF-1C66-4100-B17B-613EA7CB7BCC}.AppStore|iPhone.ActiveCfg = Release|x86
		{C2AA92EF-1C66-4100-B17B-613EA7CB7BCC}.AppStore|iPhone.Build.0 = Release|x86
		{C2AA92EF-1C66-4100-B17B-613EA7CB7BCC}.AppStore|iPhoneSimulator.ActiveCfg = Release|x86
		{C2AA92EF-1C66-4100-B17B-613EA7CB7BCC}.AppStore|iPhoneSimulator.Build.0 = Release|x86
		{C2AA92EF-1C66-4100-B17B-613EA7CB7BCC}.AppStore|x86.ActiveCfg = Release|x86
		{C2AA92EF-1C66-4100-B17B-613EA7CB7BCC}.AppStore|x86.Build.0 = Release|x86
		{C2AA92EF-1C66-4100-B17B-613EA7CB7BCC}.Debug|Any CPU.ActiveCfg = Debug|x86
		{C2AA92EF-1C66-4100-B17B-613EA7CB7BCC}.Debug|ARM.ActiveCfg = Debug|x86
		{C2AA92EF-1C66-4100-B17B-613EA7CB7BCC}.Debug|iPhone.ActiveCfg = Debug|x86
		{C2AA92EF-1C66-4100-B17B-613EA7CB7BCC}.Debug|iPhoneSimulator.ActiveCfg = Debug|x86
		{C2AA92EF-1C66-4100-B17B-613EA7CB7BCC}.Debug|x86.ActiveCfg = Debug|x86
		{C2AA92EF-1C66-4100-B17B-613EA7CB7BCC}.Debug|x86.Build.0 = Debug|x86
		{C2AA92EF-1C66-4100-B17B-613EA7CB7BCC}.Release|Any CPU.ActiveCfg = Release|x86
		{C2AA92EF-1C66-4100-B17B-613EA7CB7BCC}.Release|ARM.ActiveCfg = Release|x86
		{C2AA92EF-1C66-4100-B17B-613EA7CB7BCC}.Release|iPhone.ActiveCfg = Release|x86
		{C2AA92EF-1C66-4100-B17B-613EA7CB7BCC}.Release|iPhoneSimulator.ActiveCfg = Release|x86
		{C2AA92EF-1C66-4100-B17B-613EA7CB7BCC}.Release|x86.ActiveCfg = Release|x86
		{C2AA92EF-1C66-4100-B17B-613EA7CB7BCC}.Release|x86.Build.0 = Release|x86
		{955AFA33-991C-4D7B-9EE3-95DB4B710AEC}.Ad-Hoc|Any CPU.ActiveCfg = Ad-Hoc|iPhone
		{955AFA33-991C-4D7B-9EE3-95DB4B710AEC}.Ad-Hoc|ARM.ActiveCfg = Ad-Hoc|iPhoneSimulator
		{955AFA33-991C-4D7B-9EE3-95DB4B710AEC}.Ad-Hoc|iPhone.ActiveCfg = Ad-Hoc|iPhone
		{955AFA33-991C-4D7B-9EE3-95DB4B710AEC}.Ad-Hoc|iPhone.Build.0 = Ad-Hoc|iPhone
		{955AFA33-991C-4D7B-9EE3-95DB4B710AEC}.Ad-Hoc|iPhoneSimulator.ActiveCfg = Ad-Hoc|iPhoneSimulator
		{955AFA33-991C-4D7B-9EE3-95DB4B710AEC}.Ad-Hoc|iPhoneSimulator.Build.0 = Ad-Hoc|iPhoneSimulator
		{955AFA33-991C-4D7B-9EE3-95DB4B710AEC}.Ad-Hoc|x86.ActiveCfg = Ad-Hoc|iPhone
		{955AFA33-991C-4D7B-9EE3-95DB4B710AEC}.AppStore|Any CPU.ActiveCfg = AppStore|iPhone
		{955AFA33-991C-4D7B-9EE3-95DB4B710AEC}.AppStore|ARM.ActiveCfg = AppStore|iPhoneSimulator
		{955AFA33-991C-4D7B-9EE3-95DB4B710AEC}.AppStore|iPhone.ActiveCfg = AppStore|iPhone
		{955AFA33-991C-4D7B-9EE3-95DB4B710AEC}.AppStore|iPhone.Build.0 = AppStore|iPhone
		{955AFA33-991C-4D7B-9EE3-95DB4B710AEC}.AppStore|iPhoneSimulator.ActiveCfg = AppStore|iPhoneSimulator
		{955AFA33-991C-4D7B-9EE3-95DB4B710AEC}.AppStore|iPhoneSimulator.Build.0 = AppStore|iPhoneSimulator
		{955AFA33-991C-4D7B-9EE3-95DB4B710AEC}.AppStore|x86.ActiveCfg = AppStore|iPhone
		{955AFA33-991C-4D7B-9EE3-95DB4B710AEC}.Debug|Any CPU.ActiveCfg = Debug|iPhone
		{955AFA33-991C-4D7B-9EE3-95DB4B710AEC}.Debug|ARM.ActiveCfg = Debug|iPhoneSimulator
		{955AFA33-991C-4D7B-9EE3-95DB4B710AEC}.Debug|iPhone.ActiveCfg = Debug|iPhone
		{955AFA33-991C-4D7B-9EE3-95DB4B710AEC}.Debug|iPhone.Build.0 = Debug|iPhone
		{955AFA33-991C-4D7B-9EE3-95DB4B710AEC}.Debug|iPhoneSimulator.ActiveCfg = Debug|iPhoneSimulator
		{955AFA33-991C-4D7B-9EE3-95DB4B710AEC}.Debug|iPhoneSimulator.Build.0 = Debug|iPhoneSimulator
		{955AFA33-991C-4D7B-9EE3-95DB4B710AEC}.Debug|x86.ActiveCfg = Debug|iPhone
		{955AFA33-991C-4D7B-9EE3-95DB4B710AEC}.Release|Any CPU.ActiveCfg = Release|iPhone
		{955AFA33-991C-4D7B-9EE3-95DB4B710AEC}.Release|ARM.ActiveCfg = Release|iPhoneSimulator
		{955AFA33-991C-4D7B-9EE3-95DB4B710AEC}.Release|iPhone.ActiveCfg = Release|iPhone
		{955AFA33-991C-4D7B-9EE3-95DB4B710AEC}.Release|iPhone.Build.0 = Release|iPhone
		{955AFA33-991C-4D7B-9EE3-95DB4B710AEC}.Release|iPhoneSimulator.ActiveCfg = Release|iPhoneSimulator
		{955AFA33-991C-4D7B-9EE3-95DB4B710AEC}.Release|iPhoneSimulator.Build.0 = Release|iPhoneSimulator
		{955AFA33-991C-4D7B-9EE3-95DB4B710AEC}.Release|x86.ActiveCfg = Release|iPhone
		{67763402-F109-4305-8381-972B4BDB172D}.Ad-Hoc|Any CPU.ActiveCfg = Release|Any CPU
		{67763402-F109-4305-8381-972B4BDB172D}.Ad-Hoc|Any CPU.Build.0 = Release|Any CPU
		{67763402-F109-4305-8381-972B4BDB172D}.Ad-Hoc|ARM.ActiveCfg = Release|Any CPU
		{67763402-F109-4305-8381-972B4BDB172D}.Ad-Hoc|ARM.Build.0 = Release|Any CPU
		{67763402-F109-4305-8381-972B4BDB172D}.Ad-Hoc|iPhone.ActiveCfg = Release|Any CPU
		{67763402-F109-4305-8381-972B4BDB172D}.Ad-Hoc|iPhone.Build.0 = Release|Any CPU
		{67763402-F109-4305-8381-972B4BDB172D}.Ad-Hoc|iPhoneSimulator.ActiveCfg = Release|Any CPU
		{67763402-F109-4305-8381-972B4BDB172D}.Ad-Hoc|iPhoneSimulator.Build.0 = Release|Any CPU
		{67763402-F109-4305-8381-972B4BDB172D}.Ad-Hoc|x86.ActiveCfg = Release|Any CPU
		{67763402-F109-4305-8381-972B4BDB172D}.Ad-Hoc|x86.Build.0 = Release|Any CPU
		{67763402-F109-4305-8381-972B4BDB172D}.AppStore|Any CPU.ActiveCfg = Release|Any CPU
		{67763402-F109-4305-8381-972B4BDB172D}.AppStore|Any CPU.Build.0 = Release|Any CPU
		{67763402-F109-4305-8381-972B4BDB172D}.AppStore|ARM.ActiveCfg = Release|Any CPU
		{67763402-F109-4305-8381-972B4BDB172D}.AppStore|ARM.Build.0 = Release|Any CPU
		{67763402-F109-4305-8381-972B4BDB172D}.AppStore|iPhone.ActiveCfg = Release|Any CPU
		{67763402-F109-4305-8381-972B4BDB172D}.AppStore|iPhone.Build.0 = Release|Any CPU
		{67763402-F109-4305-8381-972B4BDB172D}.AppStore|iPhoneSimulator.ActiveCfg = Release|Any CPU
		{67763402-F109-4305-8381-972B4BDB172D}.AppStore|iPhoneSimulator.Build.0 = Release|Any CPU
		{67763402-F109-4305-8381-972B4BDB172D}.AppStore|x86.ActiveCfg = Release|Any CPU
		{67763402-F109-4305-8381-972B4BDB172D}.AppStore|x86.Build.0 = Release|Any CPU
		{67763402-F109-4305-8381-972B4BDB172D}.Debug|Any CPU.ActiveCfg = Debug|Any CPU
		{67763402-F109-4305-8381-972B4BDB172D}.Debug|Any CPU.Build.0 = Debug|Any CPU
		{67763402-F109-4305-8381-972B4BDB172D}.Debug|ARM.ActiveCfg = Debug|Any CPU
		{67763402-F109-4305-8381-972B4BDB172D}.Debug|ARM.Build.0 = Debug|Any CPU
		{67763402-F109-4305-8381-972B4BDB172D}.Debug|iPhone.ActiveCfg = Debug|Any CPU
		{67763402-F109-4305-8381-972B4BDB172D}.Debug|iPhone.Build.0 = Debug|Any CPU
		{67763402-F109-4305-8381-972B4BDB172D}.Debug|iPhoneSimulator.ActiveCfg = Debug|Any CPU
		{67763402-F109-4305-8381-972B4BDB172D}.Debug|iPhoneSimulator.Build.0 = Debug|Any CPU
		{67763402-F109-4305-8381-972B4BDB172D}.Debug|x86.ActiveCfg = Debug|Any CPU
		{67763402-F109-4305-8381-972B4BDB172D}.Debug|x86.Build.0 = Debug|Any CPU
		{67763402-F109-4305-8381-972B4BDB172D}.Release|Any CPU.ActiveCfg = Release|Any CPU
		{67763402-F109-4305-8381-972B4BDB172D}.Release|Any CPU.Build.0 = Release|Any CPU
		{67763402-F109-4305-8381-972B4BDB172D}.Release|ARM.ActiveCfg = Release|Any CPU
		{67763402-F109-4305-8381-972B4BDB172D}.Release|ARM.Build.0 = Release|Any CPU
		{67763402-F109-4305-8381-972B4BDB172D}.Release|iPhone.ActiveCfg = Release|Any CPU
		{67763402-F109-4305-8381-972B4BDB172D}.Release|iPhone.Build.0 = Release|Any CPU
		{67763402-F109-4305-8381-972B4BDB172D}.Release|iPhoneSimulator.ActiveCfg = Release|Any CPU
		{67763402-F109-4305-8381-972B4BDB172D}.Release|iPhoneSimulator.Build.0 = Release|Any CPU
		{67763402-F109-4305-8381-972B4BDB172D}.Release|x86.ActiveCfg = Release|Any CPU
		{67763402-F109-4305-8381-972B4BDB172D}.Release|x86.Build.0 = Release|Any CPU
		{CDAA45C1-9365-4630-A303-A7AF49F88F50}.Ad-Hoc|Any CPU.ActiveCfg = Release|Any CPU
		{CDAA45C1-9365-4630-A303-A7AF49F88F50}.Ad-Hoc|Any CPU.Build.0 = Release|Any CPU
		{CDAA45C1-9365-4630-A303-A7AF49F88F50}.Ad-Hoc|Any CPU.Deploy.0 = Release|Any CPU
		{CDAA45C1-9365-4630-A303-A7AF49F88F50}.Ad-Hoc|ARM.ActiveCfg = Release|Any CPU
		{CDAA45C1-9365-4630-A303-A7AF49F88F50}.Ad-Hoc|ARM.Build.0 = Release|Any CPU
		{CDAA45C1-9365-4630-A303-A7AF49F88F50}.Ad-Hoc|ARM.Deploy.0 = Release|Any CPU
		{CDAA45C1-9365-4630-A303-A7AF49F88F50}.Ad-Hoc|iPhone.ActiveCfg = Release|Any CPU
		{CDAA45C1-9365-4630-A303-A7AF49F88F50}.Ad-Hoc|iPhone.Build.0 = Release|Any CPU
		{CDAA45C1-9365-4630-A303-A7AF49F88F50}.Ad-Hoc|iPhone.Deploy.0 = Release|Any CPU
		{CDAA45C1-9365-4630-A303-A7AF49F88F50}.Ad-Hoc|iPhoneSimulator.ActiveCfg = Release|Any CPU
		{CDAA45C1-9365-4630-A303-A7AF49F88F50}.Ad-Hoc|iPhoneSimulator.Build.0 = Release|Any CPU
		{CDAA45C1-9365-4630-A303-A7AF49F88F50}.Ad-Hoc|iPhoneSimulator.Deploy.0 = Release|Any CPU
		{CDAA45C1-9365-4630-A303-A7AF49F88F50}.Ad-Hoc|x86.ActiveCfg = Release|Any CPU
		{CDAA45C1-9365-4630-A303-A7AF49F88F50}.Ad-Hoc|x86.Build.0 = Release|Any CPU
		{CDAA45C1-9365-4630-A303-A7AF49F88F50}.Ad-Hoc|x86.Deploy.0 = Release|Any CPU
		{CDAA45C1-9365-4630-A303-A7AF49F88F50}.AppStore|Any CPU.ActiveCfg = Release|Any CPU
		{CDAA45C1-9365-4630-A303-A7AF49F88F50}.AppStore|Any CPU.Build.0 = Release|Any CPU
		{CDAA45C1-9365-4630-A303-A7AF49F88F50}.AppStore|Any CPU.Deploy.0 = Release|Any CPU
		{CDAA45C1-9365-4630-A303-A7AF49F88F50}.AppStore|ARM.ActiveCfg = Release|Any CPU
		{CDAA45C1-9365-4630-A303-A7AF49F88F50}.AppStore|ARM.Build.0 = Release|Any CPU
		{CDAA45C1-9365-4630-A303-A7AF49F88F50}.AppStore|ARM.Deploy.0 = Release|Any CPU
		{CDAA45C1-9365-4630-A303-A7AF49F88F50}.AppStore|iPhone.ActiveCfg = Release|Any CPU
		{CDAA45C1-9365-4630-A303-A7AF49F88F50}.AppStore|iPhone.Build.0 = Release|Any CPU
		{CDAA45C1-9365-4630-A303-A7AF49F88F50}.AppStore|iPhone.Deploy.0 = Release|Any CPU
		{CDAA45C1-9365-4630-A303-A7AF49F88F50}.AppStore|iPhoneSimulator.ActiveCfg = Release|Any CPU
		{CDAA45C1-9365-4630-A303-A7AF49F88F50}.AppStore|iPhoneSimulator.Build.0 = Release|Any CPU
		{CDAA45C1-9365-4630-A303-A7AF49F88F50}.AppStore|iPhoneSimulator.Deploy.0 = Release|Any CPU
		{CDAA45C1-9365-4630-A303-A7AF49F88F50}.AppStore|x86.ActiveCfg = Release|Any CPU
		{CDAA45C1-9365-4630-A303-A7AF49F88F50}.AppStore|x86.Build.0 = Release|Any CPU
		{CDAA45C1-9365-4630-A303-A7AF49F88F50}.AppStore|x86.Deploy.0 = Release|Any CPU
		{CDAA45C1-9365-4630-A303-A7AF49F88F50}.Debug|Any CPU.ActiveCfg = Debug|Any CPU
		{CDAA45C1-9365-4630-A303-A7AF49F88F50}.Debug|Any CPU.Build.0 = Debug|Any CPU
		{CDAA45C1-9365-4630-A303-A7AF49F88F50}.Debug|Any CPU.Deploy.0 = Debug|Any CPU
		{CDAA45C1-9365-4630-A303-A7AF49F88F50}.Debug|ARM.ActiveCfg = Debug|Any CPU
		{CDAA45C1-9365-4630-A303-A7AF49F88F50}.Debug|ARM.Build.0 = Debug|Any CPU
		{CDAA45C1-9365-4630-A303-A7AF49F88F50}.Debug|ARM.Deploy.0 = Debug|Any CPU
		{CDAA45C1-9365-4630-A303-A7AF49F88F50}.Debug|iPhone.ActiveCfg = Debug|Any CPU
		{CDAA45C1-9365-4630-A303-A7AF49F88F50}.Debug|iPhone.Build.0 = Debug|Any CPU
		{CDAA45C1-9365-4630-A303-A7AF49F88F50}.Debug|iPhone.Deploy.0 = Debug|Any CPU
		{CDAA45C1-9365-4630-A303-A7AF49F88F50}.Debug|iPhoneSimulator.ActiveCfg = Debug|Any CPU
		{CDAA45C1-9365-4630-A303-A7AF49F88F50}.Debug|iPhoneSimulator.Build.0 = Debug|Any CPU
		{CDAA45C1-9365-4630-A303-A7AF49F88F50}.Debug|iPhoneSimulator.Deploy.0 = Debug|Any CPU
		{CDAA45C1-9365-4630-A303-A7AF49F88F50}.Debug|x86.ActiveCfg = Debug|Any CPU
		{CDAA45C1-9365-4630-A303-A7AF49F88F50}.Debug|x86.Build.0 = Debug|Any CPU
		{CDAA45C1-9365-4630-A303-A7AF49F88F50}.Debug|x86.Deploy.0 = Debug|Any CPU
		{CDAA45C1-9365-4630-A303-A7AF49F88F50}.Release|Any CPU.ActiveCfg = Release|Any CPU
		{CDAA45C1-9365-4630-A303-A7AF49F88F50}.Release|Any CPU.Build.0 = Release|Any CPU
		{CDAA45C1-9365-4630-A303-A7AF49F88F50}.Release|Any CPU.Deploy.0 = Release|Any CPU
		{CDAA45C1-9365-4630-A303-A7AF49F88F50}.Release|ARM.ActiveCfg = Release|Any CPU
		{CDAA45C1-9365-4630-A303-A7AF49F88F50}.Release|ARM.Build.0 = Release|Any CPU
		{CDAA45C1-9365-4630-A303-A7AF49F88F50}.Release|ARM.Deploy.0 = Release|Any CPU
		{CDAA45C1-9365-4630-A303-A7AF49F88F50}.Release|iPhone.ActiveCfg = Release|Any CPU
		{CDAA45C1-9365-4630-A303-A7AF49F88F50}.Release|iPhone.Build.0 = Release|Any CPU
		{CDAA45C1-9365-4630-A303-A7AF49F88F50}.Release|iPhone.Deploy.0 = Release|Any CPU
		{CDAA45C1-9365-4630-A303-A7AF49F88F50}.Release|iPhoneSimulator.ActiveCfg = Release|Any CPU
		{CDAA45C1-9365-4630-A303-A7AF49F88F50}.Release|iPhoneSimulator.Build.0 = Release|Any CPU
		{CDAA45C1-9365-4630-A303-A7AF49F88F50}.Release|iPhoneSimulator.Deploy.0 = Release|Any CPU
		{CDAA45C1-9365-4630-A303-A7AF49F88F50}.Release|x86.ActiveCfg = Release|Any CPU
		{CDAA45C1-9365-4630-A303-A7AF49F88F50}.Release|x86.Build.0 = Release|Any CPU
		{CDAA45C1-9365-4630-A303-A7AF49F88F50}.Release|x86.Deploy.0 = Release|Any CPU
	EndGlobalSection
	GlobalSection(SolutionProperties) = preSolution
		HideSolutionNode = FALSE
	EndGlobalSection
EndGlobal
